// !$*UTF8*$!
{
	archiveVersion = 1;
	classes = {
	};
	objectVersion = 56;
	objects = {

/* Begin PBXBuildFile section */
		EF06221B2AA997EA001FB5AA /* TableViewHelpers.swift in Sources */ = {isa = PBXBuildFile; fileRef = EF06221A2AA997EA001FB5AA /* TableViewHelpers.swift */; };
		EF0622212AAA9F33001FB5AA /* CorrectAnswerCell.xib in Resources */ = {isa = PBXBuildFile; fileRef = EF0622202AAA9F33001FB5AA /* CorrectAnswerCell.xib */; };
		EF0622232AAAA556001FB5AA /* WrongAnswerCell.xib in Resources */ = {isa = PBXBuildFile; fileRef = EF0622222AAAA556001FB5AA /* WrongAnswerCell.xib */; };
		EF06222E2AAC0D6A001FB5AA /* UITableViewExtentions.swift in Sources */ = {isa = PBXBuildFile; fileRef = EF06222D2AAC0D6A001FB5AA /* UITableViewExtentions.swift */; };
		EF0622302AAC0DB8001FB5AA /* PresentableAnswer.swift in Sources */ = {isa = PBXBuildFile; fileRef = EF06222F2AAC0DB8001FB5AA /* PresentableAnswer.swift */; };
		EF0622322AAC0DE3001FB5AA /* CorrectAnswerCell.swift in Sources */ = {isa = PBXBuildFile; fileRef = EF0622312AAC0DE3001FB5AA /* CorrectAnswerCell.swift */; };
		EF0622342AAC0E04001FB5AA /* WrongAnswerCell.swift in Sources */ = {isa = PBXBuildFile; fileRef = EF0622332AAC0E04001FB5AA /* WrongAnswerCell.swift */; };
		EF0B4E422AA0749800065605 /* AppDelegate.swift in Sources */ = {isa = PBXBuildFile; fileRef = EF0B4E412AA0749800065605 /* AppDelegate.swift */; };
		EF0B4E442AA0749800065605 /* SceneDelegate.swift in Sources */ = {isa = PBXBuildFile; fileRef = EF0B4E432AA0749800065605 /* SceneDelegate.swift */; };
		EF0B4E4B2AA0749A00065605 /* Assets.xcassets in Resources */ = {isa = PBXBuildFile; fileRef = EF0B4E4A2AA0749A00065605 /* Assets.xcassets */; };
		EF0B4E4E2AA0749A00065605 /* LaunchScreen.storyboard in Resources */ = {isa = PBXBuildFile; fileRef = EF0B4E4C2AA0749A00065605 /* LaunchScreen.storyboard */; };
		EF0B4E722AA085B100065605 /* QuestionViewControllerTest.swift in Sources */ = {isa = PBXBuildFile; fileRef = EF0B4E712AA085B100065605 /* QuestionViewControllerTest.swift */; };
		EF0B4E742AA086B100065605 /* QuestionViewController.swift in Sources */ = {isa = PBXBuildFile; fileRef = EF0B4E732AA086B100065605 /* QuestionViewController.swift */; };
		EF0B4E762AA087B500065605 /* QuestionViewController.xib in Resources */ = {isa = PBXBuildFile; fileRef = EF0B4E752AA087B500065605 /* QuestionViewController.xib */; };
		EF1363862AB286240098C1F0 /* ViewControllerFactory.swift in Sources */ = {isa = PBXBuildFile; fileRef = EF1363852AB286240098C1F0 /* ViewControllerFactory.swift */; };
		EF1363882AB286AE0098C1F0 /* iOSUIKitViewControllerFactoryTest.swift in Sources */ = {isa = PBXBuildFile; fileRef = EF1363872AB286AE0098C1F0 /* iOSUIKitViewControllerFactoryTest.swift */; };
		EF13638A2AB288180098C1F0 /* iOSUIKitViewControllerFactory.swift in Sources */ = {isa = PBXBuildFile; fileRef = EF1363892AB288180098C1F0 /* iOSUIKitViewControllerFactory.swift */; };
		EF3820072AAC5BA400ACFEF0 /* QuizEngine.framework in Frameworks */ = {isa = PBXBuildFile; fileRef = EF3820062AAC5BA400ACFEF0 /* QuizEngine.framework */; };
		EF3820082AAC5BA400ACFEF0 /* QuizEngine.framework in Embed Frameworks */ = {isa = PBXBuildFile; fileRef = EF3820062AAC5BA400ACFEF0 /* QuizEngine.framework */; settings = {ATTRIBUTES = (CodeSignOnCopy, RemoveHeadersOnCopy, ); }; };
		EF38200B2AAC5C2900ACFEF0 /* NavigationControllerRouterTest.swift in Sources */ = {isa = PBXBuildFile; fileRef = EF38200A2AAC5C2900ACFEF0 /* NavigationControllerRouterTest.swift */; };
		EF38200D2AAC5E6C00ACFEF0 /* NavigationControllerRouter.swift in Sources */ = {isa = PBXBuildFile; fileRef = EF38200C2AAC5E6C00ACFEF0 /* NavigationControllerRouter.swift */; };
		EF488DC22ABFBE9200687156 /* ResultsPresenterTest.swift in Sources */ = {isa = PBXBuildFile; fileRef = EF488DC12ABFBE9200687156 /* ResultsPresenterTest.swift */; };
		EF488DC62ABFC4B700687156 /* ResultsPresenter.swift in Sources */ = {isa = PBXBuildFile; fileRef = EF488DC52ABFC4B700687156 /* ResultsPresenter.swift */; };
		EF488DC82AC01E6700687156 /* QuestionPresenterTest.swift in Sources */ = {isa = PBXBuildFile; fileRef = EF488DC72AC01E6700687156 /* QuestionPresenterTest.swift */; };
		EF488DCA2AC01F7000687156 /* QuestionPresenter.swift in Sources */ = {isa = PBXBuildFile; fileRef = EF488DC92AC01F7000687156 /* QuestionPresenter.swift */; };
		EFA4983A2AD390A50011AD26 /* SingleAnswerQuestion.swift in Sources */ = {isa = PBXBuildFile; fileRef = EFA498392AD390A50011AD26 /* SingleAnswerQuestion.swift */; };
		EFA4983C2AD3C7CC0011AD26 /* HeaderView.swift in Sources */ = {isa = PBXBuildFile; fileRef = EFA4983B2AD3C7CC0011AD26 /* HeaderView.swift */; };
		EFA4983E2AD3C9EF0011AD26 /* SingleTextSelectionCell.swift in Sources */ = {isa = PBXBuildFile; fileRef = EFA4983D2AD3C9EF0011AD26 /* SingleTextSelectionCell.swift */; };
		EFA498402AD3D1130011AD26 /* iOSSwiftUIViewControllerFactoryTest.swift in Sources */ = {isa = PBXBuildFile; fileRef = EFA4983F2AD3D1130011AD26 /* iOSSwiftUIViewControllerFactoryTest.swift */; };
		EFA498422AD3D3520011AD26 /* iOSSwiftUIViewControllerFactory.swift in Sources */ = {isa = PBXBuildFile; fileRef = EFA498412AD3D3520011AD26 /* iOSSwiftUIViewControllerFactory.swift */; };
		EFA498462AD4A4690011AD26 /* MultipleSelectionStoreTests.swift in Sources */ = {isa = PBXBuildFile; fileRef = EFA498452AD4A4690011AD26 /* MultipleSelectionStoreTests.swift */; };
		EFA498482AD4AFB00011AD26 /* MultipleSelectionStore.swift in Sources */ = {isa = PBXBuildFile; fileRef = EFA498472AD4AFB00011AD26 /* MultipleSelectionStore.swift */; };
		EFA4984A2AD4B0750011AD26 /* MultipleAnswerQuestion.swift in Sources */ = {isa = PBXBuildFile; fileRef = EFA498492AD4B0750011AD26 /* MultipleAnswerQuestion.swift */; };
		EFA4984C2AD4B0E90011AD26 /* MultipleTextSelectionCell.swift in Sources */ = {isa = PBXBuildFile; fileRef = EFA4984B2AD4B0E90011AD26 /* MultipleTextSelectionCell.swift */; };
		EFD4A6642AA9505900178CD0 /* ResultsViewControllerTest.swift in Sources */ = {isa = PBXBuildFile; fileRef = EFD4A6632AA9505900178CD0 /* ResultsViewControllerTest.swift */; };
		EFD4A6662AA9515900178CD0 /* ResultsViewController.swift in Sources */ = {isa = PBXBuildFile; fileRef = EFD4A6652AA9515900178CD0 /* ResultsViewController.swift */; };
		EFD4A6682AA9520D00178CD0 /* ResultsViewController.xib in Resources */ = {isa = PBXBuildFile; fileRef = EFD4A6672AA9520D00178CD0 /* ResultsViewController.xib */; };
		EFE5EC4B2ACE1B0E006441AF /* ScoreTest.swift in Sources */ = {isa = PBXBuildFile; fileRef = EFE5EC4A2ACE1B0E006441AF /* ScoreTest.swift */; };
		EFE5EC4E2ACE1BC4006441AF /* BasicScore.swift in Sources */ = {isa = PBXBuildFile; fileRef = EFE5EC4D2ACE1BC4006441AF /* BasicScore.swift */; };
/* End PBXBuildFile section */

/* Begin PBXContainerItemProxy section */
		EF0B4E552AA0749A00065605 /* PBXContainerItemProxy */ = {
			isa = PBXContainerItemProxy;
			containerPortal = EF0B4E362AA0749800065605 /* Project object */;
			proxyType = 1;
			remoteGlobalIDString = EF0B4E3D2AA0749800065605;
			remoteInfo = QuizApp;
		};
/* End PBXContainerItemProxy section */

/* Begin PBXCopyFilesBuildPhase section */
		EF3820092AAC5BA400ACFEF0 /* Embed Frameworks */ = {
			isa = PBXCopyFilesBuildPhase;
			buildActionMask = 2147483647;
			dstPath = "";
			dstSubfolderSpec = 10;
			files = (
				EF3820082AAC5BA400ACFEF0 /* QuizEngine.framework in Embed Frameworks */,
			);
			name = "Embed Frameworks";
			runOnlyForDeploymentPostprocessing = 0;
		};
/* End PBXCopyFilesBuildPhase section */

/* Begin PBXFileReference section */
		EF06221A2AA997EA001FB5AA /* TableViewHelpers.swift */ = {isa = PBXFileReference; lastKnownFileType = sourcecode.swift; path = TableViewHelpers.swift; sourceTree = "<group>"; };
		EF0622202AAA9F33001FB5AA /* CorrectAnswerCell.xib */ = {isa = PBXFileReference; lastKnownFileType = file.xib; path = CorrectAnswerCell.xib; sourceTree = "<group>"; };
		EF0622222AAAA556001FB5AA /* WrongAnswerCell.xib */ = {isa = PBXFileReference; lastKnownFileType = file.xib; path = WrongAnswerCell.xib; sourceTree = "<group>"; };
		EF06222D2AAC0D6A001FB5AA /* UITableViewExtentions.swift */ = {isa = PBXFileReference; lastKnownFileType = sourcecode.swift; path = UITableViewExtentions.swift; sourceTree = "<group>"; };
		EF06222F2AAC0DB8001FB5AA /* PresentableAnswer.swift */ = {isa = PBXFileReference; lastKnownFileType = sourcecode.swift; path = PresentableAnswer.swift; sourceTree = "<group>"; };
		EF0622312AAC0DE3001FB5AA /* CorrectAnswerCell.swift */ = {isa = PBXFileReference; lastKnownFileType = sourcecode.swift; path = CorrectAnswerCell.swift; sourceTree = "<group>"; };
		EF0622332AAC0E04001FB5AA /* WrongAnswerCell.swift */ = {isa = PBXFileReference; lastKnownFileType = sourcecode.swift; path = WrongAnswerCell.swift; sourceTree = "<group>"; };
		EF0B4E3E2AA0749800065605 /* QuizApp.app */ = {isa = PBXFileReference; explicitFileType = wrapper.application; includeInIndex = 0; path = QuizApp.app; sourceTree = BUILT_PRODUCTS_DIR; };
		EF0B4E412AA0749800065605 /* AppDelegate.swift */ = {isa = PBXFileReference; lastKnownFileType = sourcecode.swift; path = AppDelegate.swift; sourceTree = "<group>"; };
		EF0B4E432AA0749800065605 /* SceneDelegate.swift */ = {isa = PBXFileReference; lastKnownFileType = sourcecode.swift; path = SceneDelegate.swift; sourceTree = "<group>"; };
		EF0B4E4A2AA0749A00065605 /* Assets.xcassets */ = {isa = PBXFileReference; lastKnownFileType = folder.assetcatalog; path = Assets.xcassets; sourceTree = "<group>"; };
		EF0B4E4D2AA0749A00065605 /* Base */ = {isa = PBXFileReference; lastKnownFileType = file.storyboard; name = Base; path = Base.lproj/LaunchScreen.storyboard; sourceTree = "<group>"; };
		EF0B4E4F2AA0749A00065605 /* Info.plist */ = {isa = PBXFileReference; lastKnownFileType = text.plist.xml; path = Info.plist; sourceTree = "<group>"; };
		EF0B4E542AA0749A00065605 /* QuizAppTests.xctest */ = {isa = PBXFileReference; explicitFileType = wrapper.cfbundle; includeInIndex = 0; path = QuizAppTests.xctest; sourceTree = BUILT_PRODUCTS_DIR; };
		EF0B4E712AA085B100065605 /* QuestionViewControllerTest.swift */ = {isa = PBXFileReference; lastKnownFileType = sourcecode.swift; path = QuestionViewControllerTest.swift; sourceTree = "<group>"; };
		EF0B4E732AA086B100065605 /* QuestionViewController.swift */ = {isa = PBXFileReference; lastKnownFileType = sourcecode.swift; path = QuestionViewController.swift; sourceTree = "<group>"; };
		EF0B4E752AA087B500065605 /* QuestionViewController.xib */ = {isa = PBXFileReference; lastKnownFileType = file.xib; path = QuestionViewController.xib; sourceTree = "<group>"; };
		EF0B4E812AA1697D00065605 /* QuizApp.xctestplan */ = {isa = PBXFileReference; lastKnownFileType = text; path = QuizApp.xctestplan; sourceTree = "<group>"; };
		EF1363852AB286240098C1F0 /* ViewControllerFactory.swift */ = {isa = PBXFileReference; lastKnownFileType = sourcecode.swift; path = ViewControllerFactory.swift; sourceTree = "<group>"; };
		EF1363872AB286AE0098C1F0 /* iOSUIKitViewControllerFactoryTest.swift */ = {isa = PBXFileReference; lastKnownFileType = sourcecode.swift; path = iOSUIKitViewControllerFactoryTest.swift; sourceTree = "<group>"; };
		EF1363892AB288180098C1F0 /* iOSUIKitViewControllerFactory.swift */ = {isa = PBXFileReference; lastKnownFileType = sourcecode.swift; path = iOSUIKitViewControllerFactory.swift; sourceTree = "<group>"; };
		EF3820062AAC5BA400ACFEF0 /* QuizEngine.framework */ = {isa = PBXFileReference; explicitFileType = wrapper.framework; path = QuizEngine.framework; sourceTree = BUILT_PRODUCTS_DIR; };
		EF38200A2AAC5C2900ACFEF0 /* NavigationControllerRouterTest.swift */ = {isa = PBXFileReference; lastKnownFileType = sourcecode.swift; path = NavigationControllerRouterTest.swift; sourceTree = "<group>"; };
		EF38200C2AAC5E6C00ACFEF0 /* NavigationControllerRouter.swift */ = {isa = PBXFileReference; lastKnownFileType = sourcecode.swift; path = NavigationControllerRouter.swift; sourceTree = "<group>"; };
		EF488DC12ABFBE9200687156 /* ResultsPresenterTest.swift */ = {isa = PBXFileReference; lastKnownFileType = sourcecode.swift; path = ResultsPresenterTest.swift; sourceTree = "<group>"; };
		EF488DC52ABFC4B700687156 /* ResultsPresenter.swift */ = {isa = PBXFileReference; lastKnownFileType = sourcecode.swift; path = ResultsPresenter.swift; sourceTree = "<group>"; };
		EF488DC72AC01E6700687156 /* QuestionPresenterTest.swift */ = {isa = PBXFileReference; lastKnownFileType = sourcecode.swift; path = QuestionPresenterTest.swift; sourceTree = "<group>"; };
		EF488DC92AC01F7000687156 /* QuestionPresenter.swift */ = {isa = PBXFileReference; lastKnownFileType = sourcecode.swift; path = QuestionPresenter.swift; sourceTree = "<group>"; };
		EFA498392AD390A50011AD26 /* SingleAnswerQuestion.swift */ = {isa = PBXFileReference; lastKnownFileType = sourcecode.swift; path = SingleAnswerQuestion.swift; sourceTree = "<group>"; };
		EFA4983B2AD3C7CC0011AD26 /* HeaderView.swift */ = {isa = PBXFileReference; lastKnownFileType = sourcecode.swift; path = HeaderView.swift; sourceTree = "<group>"; };
		EFA4983D2AD3C9EF0011AD26 /* SingleTextSelectionCell.swift */ = {isa = PBXFileReference; lastKnownFileType = sourcecode.swift; path = SingleTextSelectionCell.swift; sourceTree = "<group>"; };
		EFA4983F2AD3D1130011AD26 /* iOSSwiftUIViewControllerFactoryTest.swift */ = {isa = PBXFileReference; lastKnownFileType = sourcecode.swift; path = iOSSwiftUIViewControllerFactoryTest.swift; sourceTree = "<group>"; };
		EFA498412AD3D3520011AD26 /* iOSSwiftUIViewControllerFactory.swift */ = {isa = PBXFileReference; lastKnownFileType = sourcecode.swift; path = iOSSwiftUIViewControllerFactory.swift; sourceTree = "<group>"; };
		EFA498452AD4A4690011AD26 /* MultipleSelectionStoreTests.swift */ = {isa = PBXFileReference; lastKnownFileType = sourcecode.swift; path = MultipleSelectionStoreTests.swift; sourceTree = "<group>"; };
		EFA498472AD4AFB00011AD26 /* MultipleSelectionStore.swift */ = {isa = PBXFileReference; lastKnownFileType = sourcecode.swift; path = MultipleSelectionStore.swift; sourceTree = "<group>"; };
		EFA498492AD4B0750011AD26 /* MultipleAnswerQuestion.swift */ = {isa = PBXFileReference; lastKnownFileType = sourcecode.swift; path = MultipleAnswerQuestion.swift; sourceTree = "<group>"; };
		EFA4984B2AD4B0E90011AD26 /* MultipleTextSelectionCell.swift */ = {isa = PBXFileReference; lastKnownFileType = sourcecode.swift; path = MultipleTextSelectionCell.swift; sourceTree = "<group>"; };
		EFD4A6632AA9505900178CD0 /* ResultsViewControllerTest.swift */ = {isa = PBXFileReference; lastKnownFileType = sourcecode.swift; path = ResultsViewControllerTest.swift; sourceTree = "<group>"; };
		EFD4A6652AA9515900178CD0 /* ResultsViewController.swift */ = {isa = PBXFileReference; lastKnownFileType = sourcecode.swift; path = ResultsViewController.swift; sourceTree = "<group>"; };
		EFD4A6672AA9520D00178CD0 /* ResultsViewController.xib */ = {isa = PBXFileReference; lastKnownFileType = file.xib; path = ResultsViewController.xib; sourceTree = "<group>"; };
		EFE5EC4A2ACE1B0E006441AF /* ScoreTest.swift */ = {isa = PBXFileReference; fileEncoding = 4; lastKnownFileType = sourcecode.swift; path = ScoreTest.swift; sourceTree = "<group>"; };
		EFE5EC4D2ACE1BC4006441AF /* BasicScore.swift */ = {isa = PBXFileReference; lastKnownFileType = sourcecode.swift; path = BasicScore.swift; sourceTree = "<group>"; };
/* End PBXFileReference section */

/* Begin PBXFrameworksBuildPhase section */
		EF0B4E3B2AA0749800065605 /* Frameworks */ = {
			isa = PBXFrameworksBuildPhase;
			buildActionMask = 2147483647;
			files = (
				EF3820072AAC5BA400ACFEF0 /* QuizEngine.framework in Frameworks */,
			);
			runOnlyForDeploymentPostprocessing = 0;
		};
		EF0B4E512AA0749A00065605 /* Frameworks */ = {
			isa = PBXFrameworksBuildPhase;
			buildActionMask = 2147483647;
			files = (
			);
			runOnlyForDeploymentPostprocessing = 0;
		};
/* End PBXFrameworksBuildPhase section */

/* Begin PBXGroup section */
		EF0141882AC77AAC00D9E306 /* Main */ = {
			isa = PBXGroup;
			children = (
				EF01418E2AC77B9A00D9E306 /* Launch */,
				EF1363892AB288180098C1F0 /* iOSUIKitViewControllerFactory.swift */,
				EFA498412AD3D3520011AD26 /* iOSSwiftUIViewControllerFactory.swift */,
				EF0B4E412AA0749800065605 /* AppDelegate.swift */,
				EF0B4E432AA0749800065605 /* SceneDelegate.swift */,
				EF0B4E4A2AA0749A00065605 /* Assets.xcassets */,
			);
			path = Main;
			sourceTree = "<group>";
		};
		EF0141892AC77ACE00D9E306 /* UI */ = {
			isa = PBXGroup;
			children = (
				EFA498382AD390560011AD26 /* SwiftUI */,
				EFA498372AD3904D0011AD26 /* UIKit */,
			);
			path = UI;
			sourceTree = "<group>";
		};
		EF01418A2AC77B1E00D9E306 /* Question */ = {
			isa = PBXGroup;
			children = (
				EF0B4E752AA087B500065605 /* QuestionViewController.xib */,
				EF0B4E732AA086B100065605 /* QuestionViewController.swift */,
			);
			path = Question;
			sourceTree = "<group>";
		};
		EF01418B2AC77B3300D9E306 /* Result */ = {
			isa = PBXGroup;
			children = (
				EF01418C2AC77B5900D9E306 /* Cells */,
				EFD4A6672AA9520D00178CD0 /* ResultsViewController.xib */,
				EFD4A6652AA9515900178CD0 /* ResultsViewController.swift */,
			);
			path = Result;
			sourceTree = "<group>";
		};
		EF01418C2AC77B5900D9E306 /* Cells */ = {
			isa = PBXGroup;
			children = (
				EF0622202AAA9F33001FB5AA /* CorrectAnswerCell.xib */,
				EF0622312AAC0DE3001FB5AA /* CorrectAnswerCell.swift */,
				EF0622222AAAA556001FB5AA /* WrongAnswerCell.xib */,
				EF0622332AAC0E04001FB5AA /* WrongAnswerCell.swift */,
			);
			path = Cells;
			sourceTree = "<group>";
		};
		EF01418D2AC77B7D00D9E306 /* Helpers */ = {
			isa = PBXGroup;
			children = (
				EF06222D2AAC0D6A001FB5AA /* UITableViewExtentions.swift */,
			);
			path = Helpers;
			sourceTree = "<group>";
		};
		EF01418E2AC77B9A00D9E306 /* Launch */ = {
			isa = PBXGroup;
			children = (
				EF0B4E4C2AA0749A00065605 /* LaunchScreen.storyboard */,
			);
			path = Launch;
			sourceTree = "<group>";
		};
		EF01418F2AC77BBC00D9E306 /* Presentation */ = {
			isa = PBXGroup;
			children = (
				EF0141912AC77C5F00D9E306 /* Result */,
				EF0141902AC77C5500D9E306 /* Question */,
			);
			path = Presentation;
			sourceTree = "<group>";
		};
		EF0141902AC77C5500D9E306 /* Question */ = {
			isa = PBXGroup;
			children = (
				EF488DC92AC01F7000687156 /* QuestionPresenter.swift */,
			);
			path = Question;
			sourceTree = "<group>";
		};
		EF0141912AC77C5F00D9E306 /* Result */ = {
			isa = PBXGroup;
			children = (
				EF488DC52ABFC4B700687156 /* ResultsPresenter.swift */,
				EF06222F2AAC0DB8001FB5AA /* PresentableAnswer.swift */,
			);
			path = Result;
			sourceTree = "<group>";
		};
		EF0141922AC77C8400D9E306 /* Routing */ = {
			isa = PBXGroup;
			children = (
				EF38200C2AAC5E6C00ACFEF0 /* NavigationControllerRouter.swift */,
				EF1363852AB286240098C1F0 /* ViewControllerFactory.swift */,
			);
			path = Routing;
			sourceTree = "<group>";
		};
		EF0141932AC77CA500D9E306 /* Routing */ = {
			isa = PBXGroup;
			children = (
				EF38200A2AAC5C2900ACFEF0 /* NavigationControllerRouterTest.swift */,
			);
			path = Routing;
			sourceTree = "<group>";
		};
		EF0141942AC77CAF00D9E306 /* UI */ = {
			isa = PBXGroup;
			children = (
				EFA498442AD4A3D60011AD26 /* SwiftUI */,
				EFA498432AD4A3D00011AD26 /* UIKit */,
			);
			path = UI;
			sourceTree = "<group>";
		};
		EF0141952AC77CB400D9E306 /* Presentation */ = {
			isa = PBXGroup;
			children = (
				EF01419F2AC77F0E00D9E306 /* Result */,
				EF01419E2AC77F0600D9E306 /* Question */,
			);
			path = Presentation;
			sourceTree = "<group>";
		};
		EF0141962AC77CD800D9E306 /* Main */ = {
			isa = PBXGroup;
			children = (
				EF1363872AB286AE0098C1F0 /* iOSUIKitViewControllerFactoryTest.swift */,
				EFA4983F2AD3D1130011AD26 /* iOSSwiftUIViewControllerFactoryTest.swift */,
			);
			path = Main;
			sourceTree = "<group>";
		};
		EF0141972AC77D2700D9E306 /* Helpers */ = {
			isa = PBXGroup;
			children = (
				EF06221A2AA997EA001FB5AA /* TableViewHelpers.swift */,
			);
			path = Helpers;
			sourceTree = "<group>";
		};
		EF0141982AC77D3200D9E306 /* Result */ = {
			isa = PBXGroup;
			children = (
				EFD4A6632AA9505900178CD0 /* ResultsViewControllerTest.swift */,
			);
			path = Result;
			sourceTree = "<group>";
		};
		EF0141992AC77D3D00D9E306 /* Question */ = {
			isa = PBXGroup;
			children = (
				EF0B4E712AA085B100065605 /* QuestionViewControllerTest.swift */,
			);
			path = Question;
			sourceTree = "<group>";
		};
		EF01419E2AC77F0600D9E306 /* Question */ = {
			isa = PBXGroup;
			children = (
				EF488DC72AC01E6700687156 /* QuestionPresenterTest.swift */,
			);
			path = Question;
			sourceTree = "<group>";
		};
		EF01419F2AC77F0E00D9E306 /* Result */ = {
			isa = PBXGroup;
			children = (
				EF488DC12ABFBE9200687156 /* ResultsPresenterTest.swift */,
			);
			path = Result;
			sourceTree = "<group>";
		};
		EF0B4E352AA0749800065605 = {
			isa = PBXGroup;
			children = (
				EF0B4E812AA1697D00065605 /* QuizApp.xctestplan */,
				EF0B4E402AA0749800065605 /* QuizApp */,
				EF0B4E572AA0749A00065605 /* QuizAppTests */,
				EF0B4E3F2AA0749800065605 /* Products */,
				EF3820052AAC5BA400ACFEF0 /* Frameworks */,
			);
			sourceTree = "<group>";
		};
		EF0B4E3F2AA0749800065605 /* Products */ = {
			isa = PBXGroup;
			children = (
				EF0B4E3E2AA0749800065605 /* QuizApp.app */,
				EF0B4E542AA0749A00065605 /* QuizAppTests.xctest */,
			);
			name = Products;
			sourceTree = "<group>";
		};
		EF0B4E402AA0749800065605 /* QuizApp */ = {
			isa = PBXGroup;
			children = (
				EF0B4E4F2AA0749A00065605 /* Info.plist */,
				EFE5EC4C2ACE1BAD006441AF /* Scoring */,
				EF0141922AC77C8400D9E306 /* Routing */,
				EF01418F2AC77BBC00D9E306 /* Presentation */,
				EF0141892AC77ACE00D9E306 /* UI */,
				EF0141882AC77AAC00D9E306 /* Main */,
			);
			path = QuizApp;
			sourceTree = "<group>";
		};
		EF0B4E572AA0749A00065605 /* QuizAppTests */ = {
			isa = PBXGroup;
			children = (
				EFE5EC492ACE1AF8006441AF /* Scoring */,
				EF0141962AC77CD800D9E306 /* Main */,
				EF0141952AC77CB400D9E306 /* Presentation */,
				EF0141942AC77CAF00D9E306 /* UI */,
				EF0141932AC77CA500D9E306 /* Routing */,
			);
			path = QuizAppTests;
			sourceTree = "<group>";
		};
		EF3820052AAC5BA400ACFEF0 /* Frameworks */ = {
			isa = PBXGroup;
			children = (
				EF3820062AAC5BA400ACFEF0 /* QuizEngine.framework */,
			);
			name = Frameworks;
			sourceTree = "<group>";
		};
		EF7725E92AD5F12500AB91B2 /* Question */ = {
			isa = PBXGroup;
			children = (
				EFA498392AD390A50011AD26 /* SingleAnswerQuestion.swift */,
				EFA498492AD4B0750011AD26 /* MultipleAnswerQuestion.swift */,
				EFA4984B2AD4B0E90011AD26 /* MultipleTextSelectionCell.swift */,
				EFA4983D2AD3C9EF0011AD26 /* SingleTextSelectionCell.swift */,
				EFA4983B2AD3C7CC0011AD26 /* HeaderView.swift */,
				EFA498472AD4AFB00011AD26 /* MultipleSelectionStore.swift */,
			);
			path = Question;
			sourceTree = "<group>";
		};
		EFA498372AD3904D0011AD26 /* UIKit */ = {
			isa = PBXGroup;
			children = (
				EF01418D2AC77B7D00D9E306 /* Helpers */,
				EF01418B2AC77B3300D9E306 /* Result */,
				EF01418A2AC77B1E00D9E306 /* Question */,
			);
			path = UIKit;
			sourceTree = "<group>";
		};
		EFA498382AD390560011AD26 /* SwiftUI */ = {
			isa = PBXGroup;
			children = (
				EF7725E92AD5F12500AB91B2 /* Question */,
			);
			path = SwiftUI;
			sourceTree = "<group>";
		};
		EFA498432AD4A3D00011AD26 /* UIKit */ = {
			isa = PBXGroup;
			children = (
				EF0141992AC77D3D00D9E306 /* Question */,
				EF0141982AC77D3200D9E306 /* Result */,
				EF0141972AC77D2700D9E306 /* Helpers */,
			);
			path = UIKit;
			sourceTree = "<group>";
		};
		EFA498442AD4A3D60011AD26 /* SwiftUI */ = {
			isa = PBXGroup;
			children = (
				EFA498452AD4A4690011AD26 /* MultipleSelectionStoreTests.swift */,
			);
			path = SwiftUI;
			sourceTree = "<group>";
		};
		EFE5EC492ACE1AF8006441AF /* Scoring */ = {
			isa = PBXGroup;
			children = (
				EFE5EC4A2ACE1B0E006441AF /* ScoreTest.swift */,
			);
			path = Scoring;
			sourceTree = "<group>";
		};
		EFE5EC4C2ACE1BAD006441AF /* Scoring */ = {
			isa = PBXGroup;
			children = (
				EFE5EC4D2ACE1BC4006441AF /* BasicScore.swift */,
			);
			path = Scoring;
			sourceTree = "<group>";
		};
/* End PBXGroup section */

/* Begin PBXNativeTarget section */
		EF0B4E3D2AA0749800065605 /* QuizApp */ = {
			isa = PBXNativeTarget;
			buildConfigurationList = EF0B4E682AA0749A00065605 /* Build configuration list for PBXNativeTarget "QuizApp" */;
			buildPhases = (
				EF0B4E3A2AA0749800065605 /* Sources */,
				EF0B4E3B2AA0749800065605 /* Frameworks */,
				EF0B4E3C2AA0749800065605 /* Resources */,
				EF3820092AAC5BA400ACFEF0 /* Embed Frameworks */,
			);
			buildRules = (
			);
			dependencies = (
			);
			name = QuizApp;
			productName = QuizApp;
			productReference = EF0B4E3E2AA0749800065605 /* QuizApp.app */;
			productType = "com.apple.product-type.application";
		};
		EF0B4E532AA0749A00065605 /* QuizAppTests */ = {
			isa = PBXNativeTarget;
			buildConfigurationList = EF0B4E6B2AA0749A00065605 /* Build configuration list for PBXNativeTarget "QuizAppTests" */;
			buildPhases = (
				EF0B4E502AA0749A00065605 /* Sources */,
				EF0B4E512AA0749A00065605 /* Frameworks */,
				EF0B4E522AA0749A00065605 /* Resources */,
			);
			buildRules = (
			);
			dependencies = (
				EF0B4E562AA0749A00065605 /* PBXTargetDependency */,
			);
			name = QuizAppTests;
			productName = QuizAppTests;
			productReference = EF0B4E542AA0749A00065605 /* QuizAppTests.xctest */;
			productType = "com.apple.product-type.bundle.unit-test";
		};
/* End PBXNativeTarget section */

/* Begin PBXProject section */
		EF0B4E362AA0749800065605 /* Project object */ = {
			isa = PBXProject;
			attributes = {
				BuildIndependentTargetsInParallel = 1;
				LastSwiftUpdateCheck = 1430;
				LastUpgradeCheck = 1430;
				TargetAttributes = {
					EF0B4E3D2AA0749800065605 = {
						CreatedOnToolsVersion = 14.3.1;
					};
					EF0B4E532AA0749A00065605 = {
						CreatedOnToolsVersion = 14.3.1;
						LastSwiftMigration = 1430;
						TestTargetID = EF0B4E3D2AA0749800065605;
					};
				};
			};
			buildConfigurationList = EF0B4E392AA0749800065605 /* Build configuration list for PBXProject "QuizApp" */;
			compatibilityVersion = "Xcode 14.0";
			developmentRegion = en;
			hasScannedForEncodings = 0;
			knownRegions = (
				en,
				Base,
			);
			mainGroup = EF0B4E352AA0749800065605;
			productRefGroup = EF0B4E3F2AA0749800065605 /* Products */;
			projectDirPath = "";
			projectRoot = "";
			targets = (
				EF0B4E3D2AA0749800065605 /* QuizApp */,
				EF0B4E532AA0749A00065605 /* QuizAppTests */,
			);
		};
/* End PBXProject section */

/* Begin PBXResourcesBuildPhase section */
		EF0B4E3C2AA0749800065605 /* Resources */ = {
			isa = PBXResourcesBuildPhase;
			buildActionMask = 2147483647;
			files = (
				EF0B4E4E2AA0749A00065605 /* LaunchScreen.storyboard in Resources */,
				EF0622232AAAA556001FB5AA /* WrongAnswerCell.xib in Resources */,
				EF0B4E4B2AA0749A00065605 /* Assets.xcassets in Resources */,
				EF0B4E762AA087B500065605 /* QuestionViewController.xib in Resources */,
				EF0622212AAA9F33001FB5AA /* CorrectAnswerCell.xib in Resources */,
				EFD4A6682AA9520D00178CD0 /* ResultsViewController.xib in Resources */,
			);
			runOnlyForDeploymentPostprocessing = 0;
		};
		EF0B4E522AA0749A00065605 /* Resources */ = {
			isa = PBXResourcesBuildPhase;
			buildActionMask = 2147483647;
			files = (
			);
			runOnlyForDeploymentPostprocessing = 0;
		};
/* End PBXResourcesBuildPhase section */

/* Begin PBXSourcesBuildPhase section */
		EF0B4E3A2AA0749800065605 /* Sources */ = {
			isa = PBXSourcesBuildPhase;
			buildActionMask = 2147483647;
			files = (
				EFA4983C2AD3C7CC0011AD26 /* HeaderView.swift in Sources */,
				EF0B4E422AA0749800065605 /* AppDelegate.swift in Sources */,
				EFE5EC4E2ACE1BC4006441AF /* BasicScore.swift in Sources */,
				EFA4984C2AD4B0E90011AD26 /* MultipleTextSelectionCell.swift in Sources */,
				EF0B4E442AA0749800065605 /* SceneDelegate.swift in Sources */,
				EF488DC62ABFC4B700687156 /* ResultsPresenter.swift in Sources */,
				EF0622322AAC0DE3001FB5AA /* CorrectAnswerCell.swift in Sources */,
				EF0B4E742AA086B100065605 /* QuestionViewController.swift in Sources */,
				EF0622302AAC0DB8001FB5AA /* PresentableAnswer.swift in Sources */,
				EF0622342AAC0E04001FB5AA /* WrongAnswerCell.swift in Sources */,
				EFA498482AD4AFB00011AD26 /* MultipleSelectionStore.swift in Sources */,
				EF488DCA2AC01F7000687156 /* QuestionPresenter.swift in Sources */,
				EF13638A2AB288180098C1F0 /* iOSUIKitViewControllerFactory.swift in Sources */,
				EF38200D2AAC5E6C00ACFEF0 /* NavigationControllerRouter.swift in Sources */,
				EFD4A6662AA9515900178CD0 /* ResultsViewController.swift in Sources */,
				EFA4983A2AD390A50011AD26 /* SingleAnswerQuestion.swift in Sources */,
				EF06222E2AAC0D6A001FB5AA /* UITableViewExtentions.swift in Sources */,
				EFA498422AD3D3520011AD26 /* iOSSwiftUIViewControllerFactory.swift in Sources */,
				EF1363862AB286240098C1F0 /* ViewControllerFactory.swift in Sources */,
				EFA4983E2AD3C9EF0011AD26 /* SingleTextSelectionCell.swift in Sources */,
				EFA4984A2AD4B0750011AD26 /* MultipleAnswerQuestion.swift in Sources */,
			);
			runOnlyForDeploymentPostprocessing = 0;
		};
		EF0B4E502AA0749A00065605 /* Sources */ = {
			isa = PBXSourcesBuildPhase;
			buildActionMask = 2147483647;
			files = (
				EF488DC22ABFBE9200687156 /* ResultsPresenterTest.swift in Sources */,
				EF38200B2AAC5C2900ACFEF0 /* NavigationControllerRouterTest.swift in Sources */,
				EF0B4E722AA085B100065605 /* QuestionViewControllerTest.swift in Sources */,
				EFE5EC4B2ACE1B0E006441AF /* ScoreTest.swift in Sources */,
				EFA498462AD4A4690011AD26 /* MultipleSelectionStoreTests.swift in Sources */,
				EFA498402AD3D1130011AD26 /* iOSSwiftUIViewControllerFactoryTest.swift in Sources */,
				EF488DC82AC01E6700687156 /* QuestionPresenterTest.swift in Sources */,
				EF06221B2AA997EA001FB5AA /* TableViewHelpers.swift in Sources */,
				EFD4A6642AA9505900178CD0 /* ResultsViewControllerTest.swift in Sources */,
				EF1363882AB286AE0098C1F0 /* iOSUIKitViewControllerFactoryTest.swift in Sources */,
			);
			runOnlyForDeploymentPostprocessing = 0;
		};
/* End PBXSourcesBuildPhase section */

/* Begin PBXTargetDependency section */
		EF0B4E562AA0749A00065605 /* PBXTargetDependency */ = {
			isa = PBXTargetDependency;
			target = EF0B4E3D2AA0749800065605 /* QuizApp */;
			targetProxy = EF0B4E552AA0749A00065605 /* PBXContainerItemProxy */;
		};
/* End PBXTargetDependency section */

/* Begin PBXVariantGroup section */
		EF0B4E4C2AA0749A00065605 /* LaunchScreen.storyboard */ = {
			isa = PBXVariantGroup;
			children = (
				EF0B4E4D2AA0749A00065605 /* Base */,
			);
			name = LaunchScreen.storyboard;
			sourceTree = "<group>";
		};
/* End PBXVariantGroup section */

/* Begin XCBuildConfiguration section */
		EF0B4E662AA0749A00065605 /* Debug */ = {
			isa = XCBuildConfiguration;
			buildSettings = {
				ALWAYS_SEARCH_USER_PATHS = NO;
				CLANG_ANALYZER_NONNULL = YES;
				CLANG_ANALYZER_NUMBER_OBJECT_CONVERSION = YES_AGGRESSIVE;
				CLANG_CXX_LANGUAGE_STANDARD = "gnu++20";
				CLANG_ENABLE_MODULES = YES;
				CLANG_ENABLE_OBJC_ARC = YES;
				CLANG_ENABLE_OBJC_WEAK = YES;
				CLANG_WARN_BLOCK_CAPTURE_AUTORELEASING = YES;
				CLANG_WARN_BOOL_CONVERSION = YES;
				CLANG_WARN_COMMA = YES;
				CLANG_WARN_CONSTANT_CONVERSION = YES;
				CLANG_WARN_DEPRECATED_OBJC_IMPLEMENTATIONS = YES;
				CLANG_WARN_DIRECT_OBJC_ISA_USAGE = YES_ERROR;
				CLANG_WARN_DOCUMENTATION_COMMENTS = YES;
				CLANG_WARN_EMPTY_BODY = YES;
				CLANG_WARN_ENUM_CONVERSION = YES;
				CLANG_WARN_INFINITE_RECURSION = YES;
				CLANG_WARN_INT_CONVERSION = YES;
				CLANG_WARN_NON_LITERAL_NULL_CONVERSION = YES;
				CLANG_WARN_OBJC_IMPLICIT_RETAIN_SELF = YES;
				CLANG_WARN_OBJC_LITERAL_CONVERSION = YES;
				CLANG_WARN_OBJC_ROOT_CLASS = YES_ERROR;
				CLANG_WARN_QUOTED_INCLUDE_IN_FRAMEWORK_HEADER = YES;
				CLANG_WARN_RANGE_LOOP_ANALYSIS = YES;
				CLANG_WARN_STRICT_PROTOTYPES = YES;
				CLANG_WARN_SUSPICIOUS_MOVE = YES;
				CLANG_WARN_UNGUARDED_AVAILABILITY = YES_AGGRESSIVE;
				CLANG_WARN_UNREACHABLE_CODE = YES;
				CLANG_WARN__DUPLICATE_METHOD_MATCH = YES;
				COPY_PHASE_STRIP = NO;
				DEBUG_INFORMATION_FORMAT = dwarf;
				ENABLE_STRICT_OBJC_MSGSEND = YES;
				ENABLE_TESTABILITY = YES;
				GCC_C_LANGUAGE_STANDARD = gnu11;
				GCC_DYNAMIC_NO_PIC = NO;
				GCC_NO_COMMON_BLOCKS = YES;
				GCC_OPTIMIZATION_LEVEL = 0;
				GCC_PREPROCESSOR_DEFINITIONS = (
					"DEBUG=1",
					"$(inherited)",
				);
				GCC_WARN_64_TO_32_BIT_CONVERSION = YES;
				GCC_WARN_ABOUT_RETURN_TYPE = YES_ERROR;
				GCC_WARN_UNDECLARED_SELECTOR = YES;
				GCC_WARN_UNINITIALIZED_AUTOS = YES_AGGRESSIVE;
				GCC_WARN_UNUSED_FUNCTION = YES;
				GCC_WARN_UNUSED_VARIABLE = YES;
				IPHONEOS_DEPLOYMENT_TARGET = 16.4;
				MTL_ENABLE_DEBUG_INFO = INCLUDE_SOURCE;
				MTL_FAST_MATH = YES;
				ONLY_ACTIVE_ARCH = YES;
				SDKROOT = iphoneos;
				SWIFT_ACTIVE_COMPILATION_CONDITIONS = DEBUG;
				SWIFT_OPTIMIZATION_LEVEL = "-Onone";
			};
			name = Debug;
		};
		EF0B4E672AA0749A00065605 /* Release */ = {
			isa = XCBuildConfiguration;
			buildSettings = {
				ALWAYS_SEARCH_USER_PATHS = NO;
				CLANG_ANALYZER_NONNULL = YES;
				CLANG_ANALYZER_NUMBER_OBJECT_CONVERSION = YES_AGGRESSIVE;
				CLANG_CXX_LANGUAGE_STANDARD = "gnu++20";
				CLANG_ENABLE_MODULES = YES;
				CLANG_ENABLE_OBJC_ARC = YES;
				CLANG_ENABLE_OBJC_WEAK = YES;
				CLANG_WARN_BLOCK_CAPTURE_AUTORELEASING = YES;
				CLANG_WARN_BOOL_CONVERSION = YES;
				CLANG_WARN_COMMA = YES;
				CLANG_WARN_CONSTANT_CONVERSION = YES;
				CLANG_WARN_DEPRECATED_OBJC_IMPLEMENTATIONS = YES;
				CLANG_WARN_DIRECT_OBJC_ISA_USAGE = YES_ERROR;
				CLANG_WARN_DOCUMENTATION_COMMENTS = YES;
				CLANG_WARN_EMPTY_BODY = YES;
				CLANG_WARN_ENUM_CONVERSION = YES;
				CLANG_WARN_INFINITE_RECURSION = YES;
				CLANG_WARN_INT_CONVERSION = YES;
				CLANG_WARN_NON_LITERAL_NULL_CONVERSION = YES;
				CLANG_WARN_OBJC_IMPLICIT_RETAIN_SELF = YES;
				CLANG_WARN_OBJC_LITERAL_CONVERSION = YES;
				CLANG_WARN_OBJC_ROOT_CLASS = YES_ERROR;
				CLANG_WARN_QUOTED_INCLUDE_IN_FRAMEWORK_HEADER = YES;
				CLANG_WARN_RANGE_LOOP_ANALYSIS = YES;
				CLANG_WARN_STRICT_PROTOTYPES = YES;
				CLANG_WARN_SUSPICIOUS_MOVE = YES;
				CLANG_WARN_UNGUARDED_AVAILABILITY = YES_AGGRESSIVE;
				CLANG_WARN_UNREACHABLE_CODE = YES;
				CLANG_WARN__DUPLICATE_METHOD_MATCH = YES;
				COPY_PHASE_STRIP = NO;
				DEBUG_INFORMATION_FORMAT = "dwarf-with-dsym";
				ENABLE_NS_ASSERTIONS = NO;
				ENABLE_STRICT_OBJC_MSGSEND = YES;
				GCC_C_LANGUAGE_STANDARD = gnu11;
				GCC_NO_COMMON_BLOCKS = YES;
				GCC_WARN_64_TO_32_BIT_CONVERSION = YES;
				GCC_WARN_ABOUT_RETURN_TYPE = YES_ERROR;
				GCC_WARN_UNDECLARED_SELECTOR = YES;
				GCC_WARN_UNINITIALIZED_AUTOS = YES_AGGRESSIVE;
				GCC_WARN_UNUSED_FUNCTION = YES;
				GCC_WARN_UNUSED_VARIABLE = YES;
				IPHONEOS_DEPLOYMENT_TARGET = 16.4;
				MTL_ENABLE_DEBUG_INFO = NO;
				MTL_FAST_MATH = YES;
				SDKROOT = iphoneos;
				SWIFT_COMPILATION_MODE = wholemodule;
				SWIFT_OPTIMIZATION_LEVEL = "-O";
				VALIDATE_PRODUCT = YES;
			};
			name = Release;
		};
		EF0B4E692AA0749A00065605 /* Debug */ = {
			isa = XCBuildConfiguration;
			buildSettings = {
				ASSETCATALOG_COMPILER_APPICON_NAME = AppIcon;
				ASSETCATALOG_COMPILER_GLOBAL_ACCENT_COLOR_NAME = AccentColor;
				CODE_SIGN_STYLE = Automatic;
				CURRENT_PROJECT_VERSION = 1;
				DEVELOPMENT_TEAM = "";
				GENERATE_INFOPLIST_FILE = YES;
				INFOPLIST_FILE = QuizApp/Info.plist;
				INFOPLIST_KEY_UIApplicationSupportsIndirectInputEvents = YES;
				INFOPLIST_KEY_UILaunchStoryboardName = LaunchScreen;
				INFOPLIST_KEY_UISupportedInterfaceOrientations_iPad = "UIInterfaceOrientationPortrait UIInterfaceOrientationPortraitUpsideDown UIInterfaceOrientationLandscapeLeft UIInterfaceOrientationLandscapeRight";
				INFOPLIST_KEY_UISupportedInterfaceOrientations_iPhone = "UIInterfaceOrientationPortrait UIInterfaceOrientationLandscapeLeft UIInterfaceOrientationLandscapeRight";
				LD_RUNPATH_SEARCH_PATHS = (
					"$(inherited)",
					"@executable_path/Frameworks",
				);
				MARKETING_VERSION = 1.0;
				PRODUCT_BUNDLE_IDENTIFIER = app.kai7.QuizApp;
				PRODUCT_NAME = "$(TARGET_NAME)";
				SUPPORTED_PLATFORMS = "iphoneos iphonesimulator";
				SUPPORTS_MACCATALYST = NO;
				SUPPORTS_MAC_DESIGNED_FOR_IPHONE_IPAD = NO;
				SWIFT_EMIT_LOC_STRINGS = YES;
				SWIFT_VERSION = 5.0;
				TARGETED_DEVICE_FAMILY = 1;
			};
			name = Debug;
		};
		EF0B4E6A2AA0749A00065605 /* Release */ = {
			isa = XCBuildConfiguration;
			buildSettings = {
				ASSETCATALOG_COMPILER_APPICON_NAME = AppIcon;
				ASSETCATALOG_COMPILER_GLOBAL_ACCENT_COLOR_NAME = AccentColor;
				CODE_SIGN_STYLE = Automatic;
				CURRENT_PROJECT_VERSION = 1;
				DEVELOPMENT_TEAM = "";
				GENERATE_INFOPLIST_FILE = YES;
				INFOPLIST_FILE = QuizApp/Info.plist;
				INFOPLIST_KEY_UIApplicationSupportsIndirectInputEvents = YES;
				INFOPLIST_KEY_UILaunchStoryboardName = LaunchScreen;
				INFOPLIST_KEY_UISupportedInterfaceOrientations_iPad = "UIInterfaceOrientationPortrait UIInterfaceOrientationPortraitUpsideDown UIInterfaceOrientationLandscapeLeft UIInterfaceOrientationLandscapeRight";
				INFOPLIST_KEY_UISupportedInterfaceOrientations_iPhone = "UIInterfaceOrientationPortrait UIInterfaceOrientationLandscapeLeft UIInterfaceOrientationLandscapeRight";
				LD_RUNPATH_SEARCH_PATHS = (
					"$(inherited)",
					"@executable_path/Frameworks",
				);
				MARKETING_VERSION = 1.0;
				PRODUCT_BUNDLE_IDENTIFIER = app.kai7.QuizApp;
				PRODUCT_NAME = "$(TARGET_NAME)";
				SUPPORTED_PLATFORMS = "iphoneos iphonesimulator";
				SUPPORTS_MACCATALYST = NO;
				SUPPORTS_MAC_DESIGNED_FOR_IPHONE_IPAD = NO;
				SWIFT_EMIT_LOC_STRINGS = YES;
				SWIFT_VERSION = 5.0;
				TARGETED_DEVICE_FAMILY = 1;
			};
			name = Release;
		};
		EF0B4E6C2AA0749A00065605 /* Debug */ = {
			isa = XCBuildConfiguration;
			buildSettings = {
				ALWAYS_EMBED_SWIFT_STANDARD_LIBRARIES = YES;
				BUNDLE_LOADER = "$(TEST_HOST)";
				CLANG_ENABLE_MODULES = YES;
				CODE_SIGN_STYLE = Automatic;
				CURRENT_PROJECT_VERSION = 1;
				DEVELOPMENT_TEAM = "";
				GENERATE_INFOPLIST_FILE = YES;
				IPHONEOS_DEPLOYMENT_TARGET = 16.4;
				MARKETING_VERSION = 1.0;
				PRODUCT_BUNDLE_IDENTIFIER = app.kai7.QuizAppTests;
				PRODUCT_NAME = "$(TARGET_NAME)";
				SWIFT_EMIT_LOC_STRINGS = NO;
				SWIFT_OPTIMIZATION_LEVEL = "-Onone";
				SWIFT_VERSION = 5.0;
				TARGETED_DEVICE_FAMILY = "1,2";
				TEST_HOST = "$(BUILT_PRODUCTS_DIR)/QuizApp.app/$(BUNDLE_EXECUTABLE_FOLDER_PATH)/QuizApp";
			};
			name = Debug;
		};
		EF0B4E6D2AA0749A00065605 /* Release */ = {
			isa = XCBuildConfiguration;
			buildSettings = {
				ALWAYS_EMBED_SWIFT_STANDARD_LIBRARIES = YES;
				BUNDLE_LOADER = "$(TEST_HOST)";
				CLANG_ENABLE_MODULES = YES;
				CODE_SIGN_STYLE = Automatic;
				CURRENT_PROJECT_VERSION = 1;
				DEVELOPMENT_TEAM = "";
				GENERATE_INFOPLIST_FILE = YES;
				IPHONEOS_DEPLOYMENT_TARGET = 16.4;
				MARKETING_VERSION = 1.0;
				PRODUCT_BUNDLE_IDENTIFIER = app.kai7.QuizAppTests;
				PRODUCT_NAME = "$(TARGET_NAME)";
				SWIFT_EMIT_LOC_STRINGS = NO;
				SWIFT_VERSION = 5.0;
				TARGETED_DEVICE_FAMILY = "1,2";
				TEST_HOST = "$(BUILT_PRODUCTS_DIR)/QuizApp.app/$(BUNDLE_EXECUTABLE_FOLDER_PATH)/QuizApp";
			};
			name = Release;
		};
/* End XCBuildConfiguration section */

/* Begin XCConfigurationList section */
		EF0B4E392AA0749800065605 /* Build configuration list for PBXProject "QuizApp" */ = {
			isa = XCConfigurationList;
			buildConfigurations = (
				EF0B4E662AA0749A00065605 /* Debug */,
				EF0B4E672AA0749A00065605 /* Release */,
			);
			defaultConfigurationIsVisible = 0;
			defaultConfigurationName = Release;
		};
		EF0B4E682AA0749A00065605 /* Build configuration list for PBXNativeTarget "QuizApp" */ = {
			isa = XCConfigurationList;
			buildConfigurations = (
				EF0B4E692AA0749A00065605 /* Debug */,
				EF0B4E6A2AA0749A00065605 /* Release */,
			);
			defaultConfigurationIsVisible = 0;
			defaultConfigurationName = Release;
		};
		EF0B4E6B2AA0749A00065605 /* Build configuration list for PBXNativeTarget "QuizAppTests" */ = {
			isa = XCConfigurationList;
			buildConfigurations = (
				EF0B4E6C2AA0749A00065605 /* Debug */,
				EF0B4E6D2AA0749A00065605 /* Release */,
			);
			defaultConfigurationIsVisible = 0;
			defaultConfigurationName = Release;
		};
/* End XCConfigurationList section */
	};
	rootObject = EF0B4E362AA0749800065605 /* Project object */;
}
