// !$*UTF8*$!
{
	archiveVersion = 1;
	classes = {
	};
	objectVersion = 56;
	objects = {

/* Begin PBXBuildFile section */
		EF06221B2AA997EA001FB5AA /* TableViewHelpers.swift in Sources */ = {isa = PBXBuildFile; fileRef = EF06221A2AA997EA001FB5AA /* TableViewHelpers.swift */; };
		EF0B4E422AA0749800065605 /* AppDelegate.swift in Sources */ = {isa = PBXBuildFile; fileRef = EF0B4E412AA0749800065605 /* AppDelegate.swift */; };
		EF0B4E442AA0749800065605 /* SceneDelegate.swift in Sources */ = {isa = PBXBuildFile; fileRef = EF0B4E432AA0749800065605 /* SceneDelegate.swift */; };
		EF0B4E4B2AA0749A00065605 /* Assets.xcassets in Resources */ = {isa = PBXBuildFile; fileRef = EF0B4E4A2AA0749A00065605 /* Assets.xcassets */; };
		EF0B4E4E2AA0749A00065605 /* LaunchScreen.storyboard in Resources */ = {isa = PBXBuildFile; fileRef = EF0B4E4C2AA0749A00065605 /* LaunchScreen.storyboard */; };
		EF0B4E722AA085B100065605 /* QuestionViewControllerTest.swift in Sources */ = {isa = PBXBuildFile; fileRef = EF0B4E712AA085B100065605 /* QuestionViewControllerTest.swift */; };
		EF0B4E742AA086B100065605 /* QuestionViewController.swift in Sources */ = {isa = PBXBuildFile; fileRef = EF0B4E732AA086B100065605 /* QuestionViewController.swift */; };
		EF0B4E762AA087B500065605 /* QuestionViewController.xib in Resources */ = {isa = PBXBuildFile; fileRef = EF0B4E752AA087B500065605 /* QuestionViewController.xib */; };
		EF0B4E842AA169CD00065605 /* QuizAppUITests.swift in Sources */ = {isa = PBXBuildFile; fileRef = EF0B4E822AA169CD00065605 /* QuizAppUITests.swift */; };
		EF0B4E852AA169CD00065605 /* QuizAppUITestsLaunchTests.swift in Sources */ = {isa = PBXBuildFile; fileRef = EF0B4E832AA169CD00065605 /* QuizAppUITestsLaunchTests.swift */; };
		EFD4A6642AA9505900178CD0 /* ResultsViewControllerTest.swift in Sources */ = {isa = PBXBuildFile; fileRef = EFD4A6632AA9505900178CD0 /* ResultsViewControllerTest.swift */; };
		EFD4A6662AA9515900178CD0 /* ResultsViewController.swift in Sources */ = {isa = PBXBuildFile; fileRef = EFD4A6652AA9515900178CD0 /* ResultsViewController.swift */; };
		EFD4A6682AA9520D00178CD0 /* ResultsViewController.xib in Resources */ = {isa = PBXBuildFile; fileRef = EFD4A6672AA9520D00178CD0 /* ResultsViewController.xib */; };
/* End PBXBuildFile section */

/* Begin PBXContainerItemProxy section */
		EF0B4E552AA0749A00065605 /* PBXContainerItemProxy */ = {
			isa = PBXContainerItemProxy;
			containerPortal = EF0B4E362AA0749800065605 /* Project object */;
			proxyType = 1;
			remoteGlobalIDString = EF0B4E3D2AA0749800065605;
			remoteInfo = QuizApp;
		};
		EF0B4E5F2AA0749A00065605 /* PBXContainerItemProxy */ = {
			isa = PBXContainerItemProxy;
			containerPortal = EF0B4E362AA0749800065605 /* Project object */;
			proxyType = 1;
			remoteGlobalIDString = EF0B4E3D2AA0749800065605;
			remoteInfo = QuizApp;
		};
/* End PBXContainerItemProxy section */

/* Begin PBXFileReference section */
		EF06221A2AA997EA001FB5AA /* TableViewHelpers.swift */ = {isa = PBXFileReference; lastKnownFileType = sourcecode.swift; path = TableViewHelpers.swift; sourceTree = "<group>"; };
		EF0B4E3E2AA0749800065605 /* QuizApp.app */ = {isa = PBXFileReference; explicitFileType = wrapper.application; includeInIndex = 0; path = QuizApp.app; sourceTree = BUILT_PRODUCTS_DIR; };
		EF0B4E412AA0749800065605 /* AppDelegate.swift */ = {isa = PBXFileReference; lastKnownFileType = sourcecode.swift; path = AppDelegate.swift; sourceTree = "<group>"; };
		EF0B4E432AA0749800065605 /* SceneDelegate.swift */ = {isa = PBXFileReference; lastKnownFileType = sourcecode.swift; path = SceneDelegate.swift; sourceTree = "<group>"; };
		EF0B4E4A2AA0749A00065605 /* Assets.xcassets */ = {isa = PBXFileReference; lastKnownFileType = folder.assetcatalog; path = Assets.xcassets; sourceTree = "<group>"; };
		EF0B4E4D2AA0749A00065605 /* Base */ = {isa = PBXFileReference; lastKnownFileType = file.storyboard; name = Base; path = Base.lproj/LaunchScreen.storyboard; sourceTree = "<group>"; };
		EF0B4E4F2AA0749A00065605 /* Info.plist */ = {isa = PBXFileReference; lastKnownFileType = text.plist.xml; path = Info.plist; sourceTree = "<group>"; };
		EF0B4E542AA0749A00065605 /* QuizAppTests.xctest */ = {isa = PBXFileReference; explicitFileType = wrapper.cfbundle; includeInIndex = 0; path = QuizAppTests.xctest; sourceTree = BUILT_PRODUCTS_DIR; };
		EF0B4E5E2AA0749A00065605 /* QuizAppUITests.xctest */ = {isa = PBXFileReference; explicitFileType = wrapper.cfbundle; includeInIndex = 0; path = QuizAppUITests.xctest; sourceTree = BUILT_PRODUCTS_DIR; };
		EF0B4E712AA085B100065605 /* QuestionViewControllerTest.swift */ = {isa = PBXFileReference; lastKnownFileType = sourcecode.swift; path = QuestionViewControllerTest.swift; sourceTree = "<group>"; };
		EF0B4E732AA086B100065605 /* QuestionViewController.swift */ = {isa = PBXFileReference; lastKnownFileType = sourcecode.swift; path = QuestionViewController.swift; sourceTree = "<group>"; };
		EF0B4E752AA087B500065605 /* QuestionViewController.xib */ = {isa = PBXFileReference; lastKnownFileType = file.xib; path = QuestionViewController.xib; sourceTree = "<group>"; };
		EF0B4E812AA1697D00065605 /* QuizApp.xctestplan */ = {isa = PBXFileReference; lastKnownFileType = text; path = QuizApp.xctestplan; sourceTree = "<group>"; };
		EF0B4E822AA169CD00065605 /* QuizAppUITests.swift */ = {isa = PBXFileReference; fileEncoding = 4; lastKnownFileType = sourcecode.swift; path = QuizAppUITests.swift; sourceTree = "<group>"; };
		EF0B4E832AA169CD00065605 /* QuizAppUITestsLaunchTests.swift */ = {isa = PBXFileReference; fileEncoding = 4; lastKnownFileType = sourcecode.swift; path = QuizAppUITestsLaunchTests.swift; sourceTree = "<group>"; };
		EFD4A6632AA9505900178CD0 /* ResultsViewControllerTest.swift */ = {isa = PBXFileReference; lastKnownFileType = sourcecode.swift; path = ResultsViewControllerTest.swift; sourceTree = "<group>"; };
		EFD4A6652AA9515900178CD0 /* ResultsViewController.swift */ = {isa = PBXFileReference; lastKnownFileType = sourcecode.swift; path = ResultsViewController.swift; sourceTree = "<group>"; };
		EFD4A6672AA9520D00178CD0 /* ResultsViewController.xib */ = {isa = PBXFileReference; lastKnownFileType = file.xib; path = ResultsViewController.xib; sourceTree = "<group>"; };
/* End PBXFileReference section */

/* Begin PBXFrameworksBuildPhase section */
		EF0B4E3B2AA0749800065605 /* Frameworks */ = {
			isa = PBXFrameworksBuildPhase;
			buildActionMask = 2147483647;
			files = (
			);
			runOnlyForDeploymentPostprocessing = 0;
		};
		EF0B4E512AA0749A00065605 /* Frameworks */ = {
			isa = PBXFrameworksBuildPhase;
			buildActionMask = 2147483647;
			files = (
			);
			runOnlyForDeploymentPostprocessing = 0;
		};
		EF0B4E5B2AA0749A00065605 /* Frameworks */ = {
			isa = PBXFrameworksBuildPhase;
			buildActionMask = 2147483647;
			files = (
			);
			runOnlyForDeploymentPostprocessing = 0;
		};
/* End PBXFrameworksBuildPhase section */

/* Begin PBXGroup section */
		EF0B4E352AA0749800065605 = {
			isa = PBXGroup;
			children = (
				EF0B4E812AA1697D00065605 /* QuizApp.xctestplan */,
				EF0B4E402AA0749800065605 /* QuizApp */,
				EF0B4E572AA0749A00065605 /* QuizAppTests */,
				EF0B4E612AA0749A00065605 /* QuizAppUITests */,
				EF0B4E3F2AA0749800065605 /* Products */,
			);
			sourceTree = "<group>";
		};
		EF0B4E3F2AA0749800065605 /* Products */ = {
			isa = PBXGroup;
			children = (
				EF0B4E3E2AA0749800065605 /* QuizApp.app */,
				EF0B4E542AA0749A00065605 /* QuizAppTests.xctest */,
				EF0B4E5E2AA0749A00065605 /* QuizAppUITests.xctest */,
			);
			name = Products;
			sourceTree = "<group>";
		};
		EF0B4E402AA0749800065605 /* QuizApp */ = {
			isa = PBXGroup;
			children = (
				EF0B4E412AA0749800065605 /* AppDelegate.swift */,
				EF0B4E432AA0749800065605 /* SceneDelegate.swift */,
				EF0B4E4A2AA0749A00065605 /* Assets.xcassets */,
				EF0B4E4C2AA0749A00065605 /* LaunchScreen.storyboard */,
				EF0B4E4F2AA0749A00065605 /* Info.plist */,
				EF0B4E732AA086B100065605 /* QuestionViewController.swift */,
				EF0B4E752AA087B500065605 /* QuestionViewController.xib */,
				EFD4A6652AA9515900178CD0 /* ResultsViewController.swift */,
				EFD4A6672AA9520D00178CD0 /* ResultsViewController.xib */,
			);
			path = QuizApp;
			sourceTree = "<group>";
		};
		EF0B4E572AA0749A00065605 /* QuizAppTests */ = {
			isa = PBXGroup;
			children = (
				EF0B4E712AA085B100065605 /* QuestionViewControllerTest.swift */,
				EFD4A6632AA9505900178CD0 /* ResultsViewControllerTest.swift */,
				EF06221A2AA997EA001FB5AA /* TableViewHelpers.swift */,
			);
			path = QuizAppTests;
			sourceTree = "<group>";
		};
		EF0B4E612AA0749A00065605 /* QuizAppUITests */ = {
			isa = PBXGroup;
			children = (
				EF0B4E822AA169CD00065605 /* QuizAppUITests.swift */,
				EF0B4E832AA169CD00065605 /* QuizAppUITestsLaunchTests.swift */,
			);
			path = QuizAppUITests;
			sourceTree = "<group>";
		};
/* End PBXGroup section */

/* Begin PBXNativeTarget section */
		EF0B4E3D2AA0749800065605 /* QuizApp */ = {
			isa = PBXNativeTarget;
			buildConfigurationList = EF0B4E682AA0749A00065605 /* Build configuration list for PBXNativeTarget "QuizApp" */;
			buildPhases = (
				EF0B4E3A2AA0749800065605 /* Sources */,
				EF0B4E3B2AA0749800065605 /* Frameworks */,
				EF0B4E3C2AA0749800065605 /* Resources */,
			);
			buildRules = (
			);
			dependencies = (
			);
			name = QuizApp;
			productName = QuizApp;
			productReference = EF0B4E3E2AA0749800065605 /* QuizApp.app */;
			productType = "com.apple.product-type.application";
		};
		EF0B4E532AA0749A00065605 /* QuizAppTests */ = {
			isa = PBXNativeTarget;
			buildConfigurationList = EF0B4E6B2AA0749A00065605 /* Build configuration list for PBXNativeTarget "QuizAppTests" */;
			buildPhases = (
				EF0B4E502AA0749A00065605 /* Sources */,
				EF0B4E512AA0749A00065605 /* Frameworks */,
				EF0B4E522AA0749A00065605 /* Resources */,
			);
			buildRules = (
			);
			dependencies = (
				EF0B4E562AA0749A00065605 /* PBXTargetDependency */,
			);
			name = QuizAppTests;
			productName = QuizAppTests;
			productReference = EF0B4E542AA0749A00065605 /* QuizAppTests.xctest */;
			productType = "com.apple.product-type.bundle.unit-test";
		};
		EF0B4E5D2AA0749A00065605 /* QuizAppUITests */ = {
			isa = PBXNativeTarget;
			buildConfigurationList = EF0B4E6E2AA0749A00065605 /* Build configuration list for PBXNativeTarget "QuizAppUITests" */;
			buildPhases = (
				EF0B4E5A2AA0749A00065605 /* Sources */,
				EF0B4E5B2AA0749A00065605 /* Frameworks */,
				EF0B4E5C2AA0749A00065605 /* Resources */,
			);
			buildRules = (
			);
			dependencies = (
				EF0B4E602AA0749A00065605 /* PBXTargetDependency */,
			);
			name = QuizAppUITests;
			productName = QuizAppUITests;
			productReference = EF0B4E5E2AA0749A00065605 /* QuizAppUITests.xctest */;
			productType = "com.apple.product-type.bundle.ui-testing";
		};
/* End PBXNativeTarget section */

/* Begin PBXProject section */
		EF0B4E362AA0749800065605 /* Project object */ = {
			isa = PBXProject;
			attributes = {
				BuildIndependentTargetsInParallel = 1;
				LastSwiftUpdateCheck = 1430;
				LastUpgradeCheck = 1430;
				TargetAttributes = {
					EF0B4E3D2AA0749800065605 = {
						CreatedOnToolsVersion = 14.3.1;
					};
					EF0B4E532AA0749A00065605 = {
						CreatedOnToolsVersion = 14.3.1;
						LastSwiftMigration = 1430;
						TestTargetID = EF0B4E3D2AA0749800065605;
					};
					EF0B4E5D2AA0749A00065605 = {
						CreatedOnToolsVersion = 14.3.1;
						LastSwiftMigration = 1430;
						TestTargetID = EF0B4E3D2AA0749800065605;
					};
				};
			};
			buildConfigurationList = EF0B4E392AA0749800065605 /* Build configuration list for PBXProject "QuizApp" */;
			compatibilityVersion = "Xcode 14.0";
			developmentRegion = en;
			hasScannedForEncodings = 0;
			knownRegions = (
				en,
				Base,
			);
			mainGroup = EF0B4E352AA0749800065605;
			productRefGroup = EF0B4E3F2AA0749800065605 /* Products */;
			projectDirPath = "";
			projectRoot = "";
			targets = (
				EF0B4E3D2AA0749800065605 /* QuizApp */,
				EF0B4E532AA0749A00065605 /* QuizAppTests */,
				EF0B4E5D2AA0749A00065605 /* QuizAppUITests */,
			);
		};
/* End PBXProject section */

/* Begin PBXResourcesBuildPhase section */
		EF0B4E3C2AA0749800065605 /* Resources */ = {
			isa = PBXResourcesBuildPhase;
			buildActionMask = 2147483647;
			files = (
				EF0B4E4E2AA0749A00065605 /* LaunchScreen.storyboard in Resources */,
				EF0B4E4B2AA0749A00065605 /* Assets.xcassets in Resources */,
				EF0B4E762AA087B500065605 /* QuestionViewController.xib in Resources */,
				EFD4A6682AA9520D00178CD0 /* ResultsViewController.xib in Resources */,
			);
			runOnlyForDeploymentPostprocessing = 0;
		};
		EF0B4E522AA0749A00065605 /* Resources */ = {
			isa = PBXResourcesBuildPhase;
			buildActionMask = 2147483647;
			files = (
			);
			runOnlyForDeploymentPostprocessing = 0;
		};
		EF0B4E5C2AA0749A00065605 /* Resources */ = {
			isa = PBXResourcesBuildPhase;
			buildActionMask = 2147483647;
			files = (
			);
			runOnlyForDeploymentPostprocessing = 0;
		};
/* End PBXResourcesBuildPhase section */

/* Begin PBXSourcesBuildPhase section */
		EF0B4E3A2AA0749800065605 /* Sources */ = {
			isa = PBXSourcesBuildPhase;
			buildActionMask = 2147483647;
			files = (
				EF0B4E422AA0749800065605 /* AppDelegate.swift in Sources */,
				EF0B4E442AA0749800065605 /* SceneDelegate.swift in Sources */,
				EF0B4E742AA086B100065605 /* QuestionViewController.swift in Sources */,
				EFD4A6662AA9515900178CD0 /* ResultsViewController.swift in Sources */,
			);
			runOnlyForDeploymentPostprocessing = 0;
		};
		EF0B4E502AA0749A00065605 /* Sources */ = {
			isa = PBXSourcesBuildPhase;
			buildActionMask = 2147483647;
			files = (
				EF0B4E722AA085B100065605 /* QuestionViewControllerTest.swift in Sources */,
				EF06221B2AA997EA001FB5AA /* TableViewHelpers.swift in Sources */,
				EFD4A6642AA9505900178CD0 /* ResultsViewControllerTest.swift in Sources */,
			);
			runOnlyForDeploymentPostprocessing = 0;
		};
		EF0B4E5A2AA0749A00065605 /* Sources */ = {
			isa = PBXSourcesBuildPhase;
			buildActionMask = 2147483647;
			files = (
				EF0B4E842AA169CD00065605 /* QuizAppUITests.swift in Sources */,
				EF0B4E852AA169CD00065605 /* QuizAppUITestsLaunchTests.swift in Sources */,
			);
			runOnlyForDeploymentPostprocessing = 0;
		};
/* End PBXSourcesBuildPhase section */

/* Begin PBXTargetDependency section */
		EF0B4E562AA0749A00065605 /* PBXTargetDependency */ = {
			isa = PBXTargetDependency;
			target = EF0B4E3D2AA0749800065605 /* QuizApp */;
			targetProxy = EF0B4E552AA0749A00065605 /* PBXContainerItemProxy */;
		};
		EF0B4E602AA0749A00065605 /* PBXTargetDependency */ = {
			isa = PBXTargetDependency;
			target = EF0B4E3D2AA0749800065605 /* QuizApp */;
			targetProxy = EF0B4E5F2AA0749A00065605 /* PBXContainerItemProxy */;
		};
/* End PBXTargetDependency section */

/* Begin PBXVariantGroup section */
		EF0B4E4C2AA0749A00065605 /* LaunchScreen.storyboard */ = {
			isa = PBXVariantGroup;
			children = (
				EF0B4E4D2AA0749A00065605 /* Base */,
			);
			name = LaunchScreen.storyboard;
			sourceTree = "<group>";
		};
/* End PBXVariantGroup section */

/* Begin XCBuildConfiguration section */
		EF0B4E662AA0749A00065605 /* Debug */ = {
			isa = XCBuildConfiguration;
			buildSettings = {
				ALWAYS_SEARCH_USER_PATHS = NO;
				CLANG_ANALYZER_NONNULL = YES;
				CLANG_ANALYZER_NUMBER_OBJECT_CONVERSION = YES_AGGRESSIVE;
				CLANG_CXX_LANGUAGE_STANDARD = "gnu++20";
				CLANG_ENABLE_MODULES = YES;
				CLANG_ENABLE_OBJC_ARC = YES;
				CLANG_ENABLE_OBJC_WEAK = YES;
				CLANG_WARN_BLOCK_CAPTURE_AUTORELEASING = YES;
				CLANG_WARN_BOOL_CONVERSION = YES;
				CLANG_WARN_COMMA = YES;
				CLANG_WARN_CONSTANT_CONVERSION = YES;
				CLANG_WARN_DEPRECATED_OBJC_IMPLEMENTATIONS = YES;
				CLANG_WARN_DIRECT_OBJC_ISA_USAGE = YES_ERROR;
				CLANG_WARN_DOCUMENTATION_COMMENTS = YES;
				CLANG_WARN_EMPTY_BODY = YES;
				CLANG_WARN_ENUM_CONVERSION = YES;
				CLANG_WARN_INFINITE_RECURSION = YES;
				CLANG_WARN_INT_CONVERSION = YES;
				CLANG_WARN_NON_LITERAL_NULL_CONVERSION = YES;
				CLANG_WARN_OBJC_IMPLICIT_RETAIN_SELF = YES;
				CLANG_WARN_OBJC_LITERAL_CONVERSION = YES;
				CLANG_WARN_OBJC_ROOT_CLASS = YES_ERROR;
				CLANG_WARN_QUOTED_INCLUDE_IN_FRAMEWORK_HEADER = YES;
				CLANG_WARN_RANGE_LOOP_ANALYSIS = YES;
				CLANG_WARN_STRICT_PROTOTYPES = YES;
				CLANG_WARN_SUSPICIOUS_MOVE = YES;
				CLANG_WARN_UNGUARDED_AVAILABILITY = YES_AGGRESSIVE;
				CLANG_WARN_UNREACHABLE_CODE = YES;
				CLANG_WARN__DUPLICATE_METHOD_MATCH = YES;
				COPY_PHASE_STRIP = NO;
				DEBUG_INFORMATION_FORMAT = dwarf;
				ENABLE_STRICT_OBJC_MSGSEND = YES;
				ENABLE_TESTABILITY = YES;
				GCC_C_LANGUAGE_STANDARD = gnu11;
				GCC_DYNAMIC_NO_PIC = NO;
				GCC_NO_COMMON_BLOCKS = YES;
				GCC_OPTIMIZATION_LEVEL = 0;
				GCC_PREPROCESSOR_DEFINITIONS = (
					"DEBUG=1",
					"$(inherited)",
				);
				GCC_WARN_64_TO_32_BIT_CONVERSION = YES;
				GCC_WARN_ABOUT_RETURN_TYPE = YES_ERROR;
				GCC_WARN_UNDECLARED_SELECTOR = YES;
				GCC_WARN_UNINITIALIZED_AUTOS = YES_AGGRESSIVE;
				GCC_WARN_UNUSED_FUNCTION = YES;
				GCC_WARN_UNUSED_VARIABLE = YES;
				IPHONEOS_DEPLOYMENT_TARGET = 16.4;
				MTL_ENABLE_DEBUG_INFO = INCLUDE_SOURCE;
				MTL_FAST_MATH = YES;
				ONLY_ACTIVE_ARCH = YES;
				SDKROOT = iphoneos;
				SWIFT_ACTIVE_COMPILATION_CONDITIONS = DEBUG;
				SWIFT_OPTIMIZATION_LEVEL = "-Onone";
			};
			name = Debug;
		};
		EF0B4E672AA0749A00065605 /* Release */ = {
			isa = XCBuildConfiguration;
			buildSettings = {
				ALWAYS_SEARCH_USER_PATHS = NO;
				CLANG_ANALYZER_NONNULL = YES;
				CLANG_ANALYZER_NUMBER_OBJECT_CONVERSION = YES_AGGRESSIVE;
				CLANG_CXX_LANGUAGE_STANDARD = "gnu++20";
				CLANG_ENABLE_MODULES = YES;
				CLANG_ENABLE_OBJC_ARC = YES;
				CLANG_ENABLE_OBJC_WEAK = YES;
				CLANG_WARN_BLOCK_CAPTURE_AUTORELEASING = YES;
				CLANG_WARN_BOOL_CONVERSION = YES;
				CLANG_WARN_COMMA = YES;
				CLANG_WARN_CONSTANT_CONVERSION = YES;
				CLANG_WARN_DEPRECATED_OBJC_IMPLEMENTATIONS = YES;
				CLANG_WARN_DIRECT_OBJC_ISA_USAGE = YES_ERROR;
				CLANG_WARN_DOCUMENTATION_COMMENTS = YES;
				CLANG_WARN_EMPTY_BODY = YES;
				CLANG_WARN_ENUM_CONVERSION = YES;
				CLANG_WARN_INFINITE_RECURSION = YES;
				CLANG_WARN_INT_CONVERSION = YES;
				CLANG_WARN_NON_LITERAL_NULL_CONVERSION = YES;
				CLANG_WARN_OBJC_IMPLICIT_RETAIN_SELF = YES;
				CLANG_WARN_OBJC_LITERAL_CONVERSION = YES;
				CLANG_WARN_OBJC_ROOT_CLASS = YES_ERROR;
				CLANG_WARN_QUOTED_INCLUDE_IN_FRAMEWORK_HEADER = YES;
				CLANG_WARN_RANGE_LOOP_ANALYSIS = YES;
				CLANG_WARN_STRICT_PROTOTYPES = YES;
				CLANG_WARN_SUSPICIOUS_MOVE = YES;
				CLANG_WARN_UNGUARDED_AVAILABILITY = YES_AGGRESSIVE;
				CLANG_WARN_UNREACHABLE_CODE = YES;
				CLANG_WARN__DUPLICATE_METHOD_MATCH = YES;
				COPY_PHASE_STRIP = NO;
				DEBUG_INFORMATION_FORMAT = "dwarf-with-dsym";
				ENABLE_NS_ASSERTIONS = NO;
				ENABLE_STRICT_OBJC_MSGSEND = YES;
				GCC_C_LANGUAGE_STANDARD = gnu11;
				GCC_NO_COMMON_BLOCKS = YES;
				GCC_WARN_64_TO_32_BIT_CONVERSION = YES;
				GCC_WARN_ABOUT_RETURN_TYPE = YES_ERROR;
				GCC_WARN_UNDECLARED_SELECTOR = YES;
				GCC_WARN_UNINITIALIZED_AUTOS = YES_AGGRESSIVE;
				GCC_WARN_UNUSED_FUNCTION = YES;
				GCC_WARN_UNUSED_VARIABLE = YES;
				IPHONEOS_DEPLOYMENT_TARGET = 16.4;
				MTL_ENABLE_DEBUG_INFO = NO;
				MTL_FAST_MATH = YES;
				SDKROOT = iphoneos;
				SWIFT_COMPILATION_MODE = wholemodule;
				SWIFT_OPTIMIZATION_LEVEL = "-O";
				VALIDATE_PRODUCT = YES;
			};
			name = Release;
		};
		EF0B4E692AA0749A00065605 /* Debug */ = {
			isa = XCBuildConfiguration;
			buildSettings = {
				ASSETCATALOG_COMPILER_APPICON_NAME = AppIcon;
				ASSETCATALOG_COMPILER_GLOBAL_ACCENT_COLOR_NAME = AccentColor;
				CODE_SIGN_STYLE = Automatic;
				CURRENT_PROJECT_VERSION = 1;
				DEVELOPMENT_TEAM = "";
				GENERATE_INFOPLIST_FILE = YES;
				INFOPLIST_FILE = QuizApp/Info.plist;
				INFOPLIST_KEY_UIApplicationSupportsIndirectInputEvents = YES;
				INFOPLIST_KEY_UILaunchStoryboardName = LaunchScreen;
				INFOPLIST_KEY_UISupportedInterfaceOrientations_iPad = "UIInterfaceOrientationPortrait UIInterfaceOrientationPortraitUpsideDown UIInterfaceOrientationLandscapeLeft UIInterfaceOrientationLandscapeRight";
				INFOPLIST_KEY_UISupportedInterfaceOrientations_iPhone = "UIInterfaceOrientationPortrait UIInterfaceOrientationLandscapeLeft UIInterfaceOrientationLandscapeRight";
				LD_RUNPATH_SEARCH_PATHS = (
					"$(inherited)",
					"@executable_path/Frameworks",
				);
				MARKETING_VERSION = 1.0;
				PRODUCT_BUNDLE_IDENTIFIER = app.kai7.QuizApp;
				PRODUCT_NAME = "$(TARGET_NAME)";
				SUPPORTED_PLATFORMS = "iphoneos iphonesimulator";
				SUPPORTS_MACCATALYST = NO;
				SUPPORTS_MAC_DESIGNED_FOR_IPHONE_IPAD = NO;
				SWIFT_EMIT_LOC_STRINGS = YES;
				SWIFT_VERSION = 5.0;
				TARGETED_DEVICE_FAMILY = 1;
			};
			name = Debug;
		};
		EF0B4E6A2AA0749A00065605 /* Release */ = {
			isa = XCBuildConfiguration;
			buildSettings = {
				ASSETCATALOG_COMPILER_APPICON_NAME = AppIcon;
				ASSETCATALOG_COMPILER_GLOBAL_ACCENT_COLOR_NAME = AccentColor;
				CODE_SIGN_STYLE = Automatic;
				CURRENT_PROJECT_VERSION = 1;
				DEVELOPMENT_TEAM = "";
				GENERATE_INFOPLIST_FILE = YES;
				INFOPLIST_FILE = QuizApp/Info.plist;
				INFOPLIST_KEY_UIApplicationSupportsIndirectInputEvents = YES;
				INFOPLIST_KEY_UILaunchStoryboardName = LaunchScreen;
				INFOPLIST_KEY_UISupportedInterfaceOrientations_iPad = "UIInterfaceOrientationPortrait UIInterfaceOrientationPortraitUpsideDown UIInterfaceOrientationLandscapeLeft UIInterfaceOrientationLandscapeRight";
				INFOPLIST_KEY_UISupportedInterfaceOrientations_iPhone = "UIInterfaceOrientationPortrait UIInterfaceOrientationLandscapeLeft UIInterfaceOrientationLandscapeRight";
				LD_RUNPATH_SEARCH_PATHS = (
					"$(inherited)",
					"@executable_path/Frameworks",
				);
				MARKETING_VERSION = 1.0;
				PRODUCT_BUNDLE_IDENTIFIER = app.kai7.QuizApp;
				PRODUCT_NAME = "$(TARGET_NAME)";
				SUPPORTED_PLATFORMS = "iphoneos iphonesimulator";
				SUPPORTS_MACCATALYST = NO;
				SUPPORTS_MAC_DESIGNED_FOR_IPHONE_IPAD = NO;
				SWIFT_EMIT_LOC_STRINGS = YES;
				SWIFT_VERSION = 5.0;
				TARGETED_DEVICE_FAMILY = 1;
			};
			name = Release;
		};
		EF0B4E6C2AA0749A00065605 /* Debug */ = {
			isa = XCBuildConfiguration;
			buildSettings = {
				ALWAYS_EMBED_SWIFT_STANDARD_LIBRARIES = YES;
				BUNDLE_LOADER = "$(TEST_HOST)";
				CLANG_ENABLE_MODULES = YES;
				CODE_SIGN_STYLE = Automatic;
				CURRENT_PROJECT_VERSION = 1;
				DEVELOPMENT_TEAM = "";
				GENERATE_INFOPLIST_FILE = YES;
				IPHONEOS_DEPLOYMENT_TARGET = 16.4;
				MARKETING_VERSION = 1.0;
				PRODUCT_BUNDLE_IDENTIFIER = app.kai7.QuizAppTests;
				PRODUCT_NAME = "$(TARGET_NAME)";
				SWIFT_EMIT_LOC_STRINGS = NO;
				SWIFT_OPTIMIZATION_LEVEL = "-Onone";
				SWIFT_VERSION = 5.0;
				TARGETED_DEVICE_FAMILY = "1,2";
				TEST_HOST = "$(BUILT_PRODUCTS_DIR)/QuizApp.app/$(BUNDLE_EXECUTABLE_FOLDER_PATH)/QuizApp";
			};
			name = Debug;
		};
		EF0B4E6D2AA0749A00065605 /* Release */ = {
			isa = XCBuildConfiguration;
			buildSettings = {
				ALWAYS_EMBED_SWIFT_STANDARD_LIBRARIES = YES;
				BUNDLE_LOADER = "$(TEST_HOST)";
				CLANG_ENABLE_MODULES = YES;
				CODE_SIGN_STYLE = Automatic;
				CURRENT_PROJECT_VERSION = 1;
				DEVELOPMENT_TEAM = "";
				GENERATE_INFOPLIST_FILE = YES;
				IPHONEOS_DEPLOYMENT_TARGET = 16.4;
				MARKETING_VERSION = 1.0;
				PRODUCT_BUNDLE_IDENTIFIER = app.kai7.QuizAppTests;
				PRODUCT_NAME = "$(TARGET_NAME)";
				SWIFT_EMIT_LOC_STRINGS = NO;
				SWIFT_VERSION = 5.0;
				TARGETED_DEVICE_FAMILY = "1,2";
				TEST_HOST = "$(BUILT_PRODUCTS_DIR)/QuizApp.app/$(BUNDLE_EXECUTABLE_FOLDER_PATH)/QuizApp";
			};
			name = Release;
		};
		EF0B4E6F2AA0749A00065605 /* Debug */ = {
			isa = XCBuildConfiguration;
			buildSettings = {
				ALWAYS_EMBED_SWIFT_STANDARD_LIBRARIES = YES;
				CLANG_ENABLE_MODULES = YES;
				CODE_SIGN_STYLE = Automatic;
				CURRENT_PROJECT_VERSION = 1;
				DEVELOPMENT_TEAM = 6B963T3UC3;
				GENERATE_INFOPLIST_FILE = YES;
				MARKETING_VERSION = 1.0;
				PRODUCT_BUNDLE_IDENTIFIER = app.kai7.QuizAppUITests;
				PRODUCT_NAME = "$(TARGET_NAME)";
				SWIFT_EMIT_LOC_STRINGS = NO;
				SWIFT_OPTIMIZATION_LEVEL = "-Onone";
				SWIFT_VERSION = 5.0;
				TARGETED_DEVICE_FAMILY = "1,2";
				TEST_TARGET_NAME = QuizApp;
			};
			name = Debug;
		};
		EF0B4E702AA0749A00065605 /* Release */ = {
			isa = XCBuildConfiguration;
			buildSettings = {
				ALWAYS_EMBED_SWIFT_STANDARD_LIBRARIES = YES;
				CLANG_ENABLE_MODULES = YES;
				CODE_SIGN_STYLE = Automatic;
				CURRENT_PROJECT_VERSION = 1;
				DEVELOPMENT_TEAM = 6B963T3UC3;
				GENERATE_INFOPLIST_FILE = YES;
				MARKETING_VERSION = 1.0;
				PRODUCT_BUNDLE_IDENTIFIER = app.kai7.QuizAppUITests;
				PRODUCT_NAME = "$(TARGET_NAME)";
				SWIFT_EMIT_LOC_STRINGS = NO;
				SWIFT_VERSION = 5.0;
				TARGETED_DEVICE_FAMILY = "1,2";
				TEST_TARGET_NAME = QuizApp;
			};
			name = Release;
		};
/* End XCBuildConfiguration section */

/* Begin XCConfigurationList section */
		EF0B4E392AA0749800065605 /* Build configuration list for PBXProject "QuizApp" */ = {
			isa = XCConfigurationList;
			buildConfigurations = (
				EF0B4E662AA0749A00065605 /* Debug */,
				EF0B4E672AA0749A00065605 /* Release */,
			);
			defaultConfigurationIsVisible = 0;
			defaultConfigurationName = Release;
		};
		EF0B4E682AA0749A00065605 /* Build configuration list for PBXNativeTarget "QuizApp" */ = {
			isa = XCConfigurationList;
			buildConfigurations = (
				EF0B4E692AA0749A00065605 /* Debug */,
				EF0B4E6A2AA0749A00065605 /* Release */,
			);
			defaultConfigurationIsVisible = 0;
			defaultConfigurationName = Release;
		};
		EF0B4E6B2AA0749A00065605 /* Build configuration list for PBXNativeTarget "QuizAppTests" */ = {
			isa = XCConfigurationList;
			buildConfigurations = (
				EF0B4E6C2AA0749A00065605 /* Debug */,
				EF0B4E6D2AA0749A00065605 /* Release */,
			);
			defaultConfigurationIsVisible = 0;
			defaultConfigurationName = Release;
		};
		EF0B4E6E2AA0749A00065605 /* Build configuration list for PBXNativeTarget "QuizAppUITests" */ = {
			isa = XCConfigurationList;
			buildConfigurations = (
				EF0B4E6F2AA0749A00065605 /* Debug */,
				EF0B4E702AA0749A00065605 /* Release */,
			);
			defaultConfigurationIsVisible = 0;
			defaultConfigurationName = Release;
		};
/* End XCConfigurationList section */
	};
	rootObject = EF0B4E362AA0749800065605 /* Project object */;
}
